
Microsoft Visual Studio Solution File, Format Version 12.00
# Visual Studio Version 17
VisualStudioVersion = 17.11.35219.272
MinimumVisualStudioVersion = 10.0.40219.1
Project("{FAE04EC0-301F-11D3-BF4B-00C04F79EFBC}") = "PartialViewsPractice", "PartialViewsPractice\PartialViewsPractice.csproj", "{A66EF71B-F470-413E-A89C-648E46BB862D}"
EndProject
Global
	GlobalSection(SolutionConfigurationPlatforms) = preSolution
		Debug|Any CPU = Debug|Any CPU
		Release|Any CPU = Release|Any CPU
	EndGlobalSection
	GlobalSection(ProjectConfigurationPlatforms) = postSolution
		{A66EF71B-F470-413E-A89C-648E46BB862D}.Debug|Any CPU.ActiveCfg = Debug|Any CPU
		{A66EF71B-F470-413E-A89C-648E46BB862D}.Debug|Any CPU.Build.0 = Debug|Any CPU
		{A66EF71B-F470-413E-A89C-648E46BB862D}.Release|Any CPU.ActiveCfg = Release|Any CPU
		{A66EF71B-F470-413E-A89C-648E46BB862D}.Release|Any CPU.Build.0 = Release|Any CPU
	EndGlobalSection
	GlobalSection(SolutionProperties) = preSolution
		HideSolutionNode = FALSE
	EndGlobalSection
	GlobalSection(ExtensibilityGlobals) = postSolution
		SolutionGuid = {70844FFF-EF2A-49DC-BACF-65692F893D8C}
	EndGlobalSection
EndGlobal
