
Microsoft Visual Studio Solution File, Format Version 12.00
# Visual Studio Version 17
VisualStudioVersion = 17.11.35219.272
MinimumVisualStudioVersion = 10.0.40219.1
Project("{FAE04EC0-301F-11D3-BF4B-00C04F79EFBC}") = "ModelValidationPractice", "ModelValidationPractice\ModelValidationPractice.csproj", "{FCAC7617-613A-4622-8FC9-9D6BC90CB063}"
EndProject
Global
	GlobalSection(SolutionConfigurationPlatforms) = preSolution
		Debug|Any CPU = Debug|Any CPU
		Release|Any CPU = Release|Any CPU
	EndGlobalSection
	GlobalSection(ProjectConfigurationPlatforms) = postSolution
		{FCAC7617-613A-4622-8FC9-9D6BC90CB063}.Debug|Any CPU.ActiveCfg = Debug|Any CPU
		{FCAC7617-613A-4622-8FC9-9D6BC90CB063}.Debug|Any CPU.Build.0 = Debug|Any CPU
		{FCAC7617-613A-4622-8FC9-9D6BC90CB063}.Release|Any CPU.ActiveCfg = Release|Any CPU
		{FCAC7617-613A-4622-8FC9-9D6BC90CB063}.Release|Any CPU.Build.0 = Release|Any CPU
	EndGlobalSection
	GlobalSection(SolutionProperties) = preSolution
		HideSolutionNode = FALSE
	EndGlobalSection
	GlobalSection(ExtensibilityGlobals) = postSolution
		SolutionGuid = {79DF2A0E-6B31-481E-B579-9D4A5B75F01E}
	EndGlobalSection
EndGlobal
