
Microsoft Visual Studio Solution File, Format Version 12.00
# Visual Studio Version 17
VisualStudioVersion = 17.11.35219.272
MinimumVisualStudioVersion = 10.0.40219.1
Project("{FAE04EC0-301F-11D3-BF4B-00C04F79EFBC}") = "LayoutViewPractice", "LayoutViewPractice\LayoutViewPractice.csproj", "{FB8267DF-D904-4D6B-819C-8326672ED706}"
EndProject
Global
	GlobalSection(SolutionConfigurationPlatforms) = preSolution
		Debug|Any CPU = Debug|Any CPU
		Release|Any CPU = Release|Any CPU
	EndGlobalSection
	GlobalSection(ProjectConfigurationPlatforms) = postSolution
		{FB8267DF-D904-4D6B-819C-8326672ED706}.Debug|Any CPU.ActiveCfg = Debug|Any CPU
		{FB8267DF-D904-4D6B-819C-8326672ED706}.Debug|Any CPU.Build.0 = Debug|Any CPU
		{FB8267DF-D904-4D6B-819C-8326672ED706}.Release|Any CPU.ActiveCfg = Release|Any CPU
		{FB8267DF-D904-4D6B-819C-8326672ED706}.Release|Any CPU.Build.0 = Release|Any CPU
	EndGlobalSection
	GlobalSection(SolutionProperties) = preSolution
		HideSolutionNode = FALSE
	EndGlobalSection
	GlobalSection(ExtensibilityGlobals) = postSolution
		SolutionGuid = {2D3614B6-602F-4579-824A-752F1A1B366C}
	EndGlobalSection
EndGlobal
