
Microsoft Visual Studio Solution File, Format Version 12.00
# Visual Studio Version 17
VisualStudioVersion = 17.11.35219.272
MinimumVisualStudioVersion = 10.0.40219.1
Project("{FAE04EC0-301F-11D3-BF4B-00C04F79EFBC}") = "staticfilesExamples", "staticfilesExamples\staticfilesExamples.csproj", "{1F4963A6-2F02-4A50-BCBD-F551223AE7E4}"
EndProject
Global
	GlobalSection(SolutionConfigurationPlatforms) = preSolution
		Debug|Any CPU = Debug|Any CPU
		Release|Any CPU = Release|Any CPU
	EndGlobalSection
	GlobalSection(ProjectConfigurationPlatforms) = postSolution
		{1F4963A6-2F02-4A50-BCBD-F551223AE7E4}.Debug|Any CPU.ActiveCfg = Debug|Any CPU
		{1F4963A6-2F02-4A50-BCBD-F551223AE7E4}.Debug|Any CPU.Build.0 = Debug|Any CPU
		{1F4963A6-2F02-4A50-BCBD-F551223AE7E4}.Release|Any CPU.ActiveCfg = Release|Any CPU
		{1F4963A6-2F02-4A50-BCBD-F551223AE7E4}.Release|Any CPU.Build.0 = Release|Any CPU
	EndGlobalSection
	GlobalSection(SolutionProperties) = preSolution
		HideSolutionNode = FALSE
	EndGlobalSection
	GlobalSection(ExtensibilityGlobals) = postSolution
		SolutionGuid = {68C1C12F-B62B-4DD1-BDC6-8DE40D159BBB}
	EndGlobalSection
EndGlobal
